{
  "name": "warzonemodhelper",
  "version": "1.1.0",
  "lockfileVersion": 3,
  "requires": true,
  "packages": {
    "": {
      "name": "warzonemodhelper",
      "version": "1.1.0",
      "license": "MIT",
      "dependencies": {
        "base-64": "^1.0.0",
        "utf8": "^3.0.0"
      },
      "engines": {
        "node": "^20.18.0",
        "npm": "^11.3.0"
      }
    },
    "node_modules/base-64": {
      "version": "1.0.0",
      "resolved": "https://registry.npmjs.org/base-64/-/base-64-1.0.0.tgz",
      "integrity": "sha512-kwDPIFCGx0NZHog36dj+tHiwP4QMzsZ3AgMViUBKI0+V5n4U0ufTCUMhnQ04diaRI8EX/QcPfql7zlhZ7j4zgg=="
    },
    "node_modules/utf8": {
      "version": "3.0.0",
      "resolved": "https://registry.npmjs.org/utf8/-/utf8-3.0.0.tgz",
      "integrity": "sha512-E8VjFIQ/TyQgp+TZfS6l8yp/xWppSAHzidGiRrqe4bK4XP9pTRyKFgGJpO3SN7zdX4DeomTrwaseCHovfpFcqQ=="
    }
  }
}
